# This file was automatically generated by gh-aw. DO NOT EDIT.
# To update this file, edit the corresponding .md file and run:
#   gh aw compile

name: "Main Workflow Without Engine"
on: push

permissions: {}

concurrency:
  group: "gh-aw-${{ github.workflow }}"

run-name: "Main Workflow Without Engine"

jobs:
  main-workflow-without-engine:
    runs-on: ubuntu-latest
    permissions: read-all
    steps:
      - name: Checkout repository
        uses: actions/checkout@v5
      - name: Setup Node.js
        uses: actions/setup-node@v4
        with:
          node-version: '24'
      - name: Install Codex
        run: npm install -g @openai/codex
      - name: Setup MCPs
        run: |
          mkdir -p /tmp/mcp-config
          cat > /tmp/mcp-config/config.toml << EOF
          [history]
          persistence = "none"
          
          [mcp_servers.github]
          command = "docker"
          args = [
            "run",
            "-i",
            "--rm",
            "-e",
            "GITHUB_PERSONAL_ACCESS_TOKEN",
            "ghcr.io/github/github-mcp-server:sha-09deac4"
          ]
          env = { "GITHUB_PERSONAL_ACCESS_TOKEN" = "${{ secrets.GITHUB_TOKEN }}" }
          EOF
      - name: Create prompt
        env:
          GITHUB_AW_PROMPT: /tmp/aw-prompts/prompt.txt
        run: |
          mkdir -p /tmp/aw-prompts
          cat > $GITHUB_AW_PROMPT << 'EOF'
          # Main Workflow Without Engine
          
          # Included Workflow with Engine
          
          This is an included workflow that specifies the codex engine.
          
          This workflow should inherit the codex engine from the included file.
          
          EOF
      - name: Print prompt to step summary
        run: |
          echo "## Generated Prompt" >> $GITHUB_STEP_SUMMARY
          echo "" >> $GITHUB_STEP_SUMMARY
          echo '``````markdown' >> $GITHUB_STEP_SUMMARY
          cat $GITHUB_AW_PROMPT >> $GITHUB_STEP_SUMMARY
          echo '``````' >> $GITHUB_STEP_SUMMARY
      - name: Generate agentic run info
        uses: actions/github-script@v7
        with:
          script: |
            const fs = require('fs');
            
            const awInfo = {
              engine_id: "codex",
              engine_name: "Codex",
              model: "",
              version: "",
              workflow_name: "Main Workflow Without Engine",
              experimental: true,
              supports_tools_whitelist: true,
              supports_http_transport: false,
              run_id: context.runId,
              run_number: context.runNumber,
              run_attempt: process.env.GITHUB_RUN_ATTEMPT,
              repository: context.repo.owner + '/' + context.repo.repo,
              ref: context.ref,
              sha: context.sha,
              actor: context.actor,
              event_name: context.eventName,
              created_at: new Date().toISOString()
            };
            
            // Write to /tmp directory to avoid inclusion in PR
            const tmpPath = '/tmp/aw_info.json';
            fs.writeFileSync(tmpPath, JSON.stringify(awInfo, null, 2));
            console.log('Generated aw_info.json at:', tmpPath);
            console.log(JSON.stringify(awInfo, null, 2));
      - name: Upload agentic run info
        if: always()
        uses: actions/upload-artifact@v4
        with:
          name: aw_info.json
          path: /tmp/aw_info.json
          if-no-files-found: warn
      - name: Run Codex
        run: |
          set -o pipefail
          INSTRUCTION=$(cat /tmp/aw-prompts/prompt.txt)
          export CODEX_HOME=/tmp/mcp-config
          
          # Create log directory outside git repo
          mkdir -p /tmp/aw-logs
          
          # Run codex with log capture - pipefail ensures codex exit code is preserved
          codex exec \
            -c model=o4-mini \
            --full-auto "$INSTRUCTION" 2>&1 | tee /tmp/main-workflow-without-engine.log
        env:
          GITHUB_AW_PROMPT: /tmp/aw-prompts/prompt.txt
          GITHUB_STEP_SUMMARY: ${{ env.GITHUB_STEP_SUMMARY }}
          OPENAI_API_KEY: ${{ secrets.OPENAI_API_KEY }}
      - name: Check if workflow-complete.txt exists, if so upload it
        id: check_file
        run: |
          if [ -f workflow-complete.txt ]; then
            echo "File exists"
            echo "upload=true" >> $GITHUB_OUTPUT
          else
            echo "File does not exist"
            echo "upload=false" >> $GITHUB_OUTPUT
          fi
      - name: Upload workflow-complete.txt
        if: steps.check_file.outputs.upload == 'true'
        uses: actions/upload-artifact@v4
        with:
          name: workflow-complete
          path: workflow-complete.txt
      - name: Parse agent logs for step summary
        if: always()
        uses: actions/github-script@v7
        env:
          AGENT_LOG_FILE: /tmp/main-workflow-without-engine.log
        with:
          script: |
            function main() {
              const fs = require("fs");
              try {
                const logFile = process.env.AGENT_LOG_FILE;
                if (!logFile) {
                  console.log("No agent log file specified");
                  return;
                }
                if (!fs.existsSync(logFile)) {
                  console.log(`Log file not found: ${logFile}`);
                  return;
                }
                const content = fs.readFileSync(logFile, "utf8");
                const parsedLog = parseCodexLog(content);
                if (parsedLog) {
                  core.summary.addRaw(parsedLog).write();
                  console.log("Codex log parsed successfully");
                } else {
                  core.error("Failed to parse Codex log");
                }
              } catch (error) {
                core.setFailed(error.message);
              }
            }
            function parseCodexLog(logContent) {
              try {
                const lines = logContent.split("\n");
                let markdown = "## 🤖 Commands and Tools\n\n";
                const commandSummary = [];
                // First pass: collect commands for summary
                for (let i = 0; i < lines.length; i++) {
                  const line = lines[i];
                  // Detect tool usage and exec commands
                  if (line.includes("] tool ") && line.includes("(")) {
                    // Extract tool name
                    const toolMatch = line.match(/\] tool ([^(]+)\(/);
                    if (toolMatch) {
                      const toolName = toolMatch[1];
                      // Look ahead to find the result status
                      let statusIcon = "❓"; // Unknown by default
                      for (let j = i + 1; j < Math.min(i + 5, lines.length); j++) {
                        const nextLine = lines[j];
                        if (nextLine.includes("success in")) {
                          statusIcon = "✅";
                          break;
                        } else if (
                          nextLine.includes("failure in") ||
                          nextLine.includes("error in") ||
                          nextLine.includes("failed in")
                        ) {
                          statusIcon = "❌";
                          break;
                        }
                      }
                      if (toolName.includes(".")) {
                        // Format as provider::method
                        const parts = toolName.split(".");
                        const provider = parts[0];
                        const method = parts.slice(1).join("_");
                        commandSummary.push(
                          `* ${statusIcon} \`${provider}::${method}(...)\``
                        );
                      } else {
                        commandSummary.push(`* ${statusIcon} \`${toolName}(...)\``);
                      }
                    }
                  } else if (line.includes("] exec ")) {
                    // Extract exec command
                    const execMatch = line.match(/exec (.+?) in/);
                    if (execMatch) {
                      const formattedCommand = formatBashCommand(execMatch[1]);
                      // Look ahead to find the result status
                      let statusIcon = "❓"; // Unknown by default
                      for (let j = i + 1; j < Math.min(i + 5, lines.length); j++) {
                        const nextLine = lines[j];
                        if (nextLine.includes("succeeded in")) {
                          statusIcon = "✅";
                          break;
                        } else if (
                          nextLine.includes("failed in") ||
                          nextLine.includes("error")
                        ) {
                          statusIcon = "❌";
                          break;
                        }
                      }
                      commandSummary.push(`* ${statusIcon} \`${formattedCommand}\``);
                    }
                  }
                }
                // Add command summary
                if (commandSummary.length > 0) {
                  for (const cmd of commandSummary) {
                    markdown += `${cmd}\n`;
                  }
                } else {
                  markdown += "No commands or tools used.\n";
                }
                // Add Information section
                markdown += "\n## 📊 Information\n\n";
                // Extract metadata from Codex logs
                let totalTokens = 0;
                const tokenMatches = logContent.match(/tokens used: (\d+)/g);
                if (tokenMatches) {
                  for (const match of tokenMatches) {
                    const tokens = parseInt(match.match(/(\d+)/)[1]);
                    totalTokens += tokens;
                  }
                }
                if (totalTokens > 0) {
                  markdown += `**Total Tokens Used:** ${totalTokens.toLocaleString()}\n\n`;
                }
                // Count tool calls and exec commands
                const toolCalls = (logContent.match(/\] tool /g) || []).length;
                const execCommands = (logContent.match(/\] exec /g) || []).length;
                if (toolCalls > 0) {
                  markdown += `**Tool Calls:** ${toolCalls}\n\n`;
                }
                if (execCommands > 0) {
                  markdown += `**Commands Executed:** ${execCommands}\n\n`;
                }
                markdown += "\n## 🤖 Reasoning\n\n";
                // Second pass: process full conversation flow with interleaved reasoning, tools, and commands
                let inThinkingSection = false;
                for (let i = 0; i < lines.length; i++) {
                  const line = lines[i];
                  // Skip metadata lines
                  if (
                    line.includes("OpenAI Codex") ||
                    line.startsWith("--------") ||
                    line.includes("workdir:") ||
                    line.includes("model:") ||
                    line.includes("provider:") ||
                    line.includes("approval:") ||
                    line.includes("sandbox:") ||
                    line.includes("reasoning effort:") ||
                    line.includes("reasoning summaries:") ||
                    line.includes("tokens used:")
                  ) {
                    continue;
                  }
                  // Process thinking sections
                  if (line.includes("] thinking")) {
                    inThinkingSection = true;
                    continue;
                  }
                  // Process tool calls
                  if (line.includes("] tool ") && line.includes("(")) {
                    inThinkingSection = false;
                    const toolMatch = line.match(/\] tool ([^(]+)\(/);
                    if (toolMatch) {
                      const toolName = toolMatch[1];
                      // Look ahead to find the result status
                      let statusIcon = "❓"; // Unknown by default
                      for (let j = i + 1; j < Math.min(i + 5, lines.length); j++) {
                        const nextLine = lines[j];
                        if (nextLine.includes("success in")) {
                          statusIcon = "✅";
                          break;
                        } else if (
                          nextLine.includes("failure in") ||
                          nextLine.includes("error in") ||
                          nextLine.includes("failed in")
                        ) {
                          statusIcon = "❌";
                          break;
                        }
                      }
                      if (toolName.includes(".")) {
                        const parts = toolName.split(".");
                        const provider = parts[0];
                        const method = parts.slice(1).join("_");
                        markdown += `${statusIcon} ${provider}::${method}(...)\n\n`;
                      } else {
                        markdown += `${statusIcon} ${toolName}(...)\n\n`;
                      }
                    }
                    continue;
                  }
                  // Process exec commands
                  if (line.includes("] exec ")) {
                    inThinkingSection = false;
                    const execMatch = line.match(/exec (.+?) in/);
                    if (execMatch) {
                      const formattedCommand = formatBashCommand(execMatch[1]);
                      // Look ahead to find the result status
                      let statusIcon = "❓"; // Unknown by default
                      for (let j = i + 1; j < Math.min(i + 5, lines.length); j++) {
                        const nextLine = lines[j];
                        if (nextLine.includes("succeeded in")) {
                          statusIcon = "✅";
                          break;
                        } else if (
                          nextLine.includes("failed in") ||
                          nextLine.includes("error")
                        ) {
                          statusIcon = "❌";
                          break;
                        }
                      }
                      markdown += `${statusIcon} \`${formattedCommand}\`\n\n`;
                    }
                    continue;
                  }
                  // Process thinking content
                  if (
                    inThinkingSection &&
                    line.trim().length > 20 &&
                    !line.startsWith("[2025-")
                  ) {
                    const trimmed = line.trim();
                    // Add thinking content directly
                    markdown += `${trimmed}\n\n`;
                  }
                }
                return markdown;
              } catch (error) {
                core.error(`Error parsing Codex log: ${error}`);
                return "## 🤖 Commands and Tools\n\nError parsing log content.\n\n## 🤖 Reasoning\n\nUnable to parse reasoning from log.\n\n";
              }
            }
            function formatBashCommand(command) {
              if (!command) return "";
              // Convert multi-line commands to single line by replacing newlines with spaces
              // and collapsing multiple spaces
              let formatted = command
                .replace(/\n/g, " ") // Replace newlines with spaces
                .replace(/\r/g, " ") // Replace carriage returns with spaces
                .replace(/\t/g, " ") // Replace tabs with spaces
                .replace(/\s+/g, " ") // Collapse multiple spaces into one
                .trim(); // Remove leading/trailing whitespace
              // Escape backticks to prevent markdown issues
              formatted = formatted.replace(/`/g, "\\`");
              // Truncate if too long (keep reasonable length for summary)
              const maxLength = 80;
              if (formatted.length > maxLength) {
                formatted = formatted.substring(0, maxLength) + "...";
              }
              return formatted;
            }
            function truncateString(str, maxLength) {
              if (!str) return "";
              if (str.length <= maxLength) return str;
              return str.substring(0, maxLength) + "...";
            }
            // Export for testing
            if (typeof module !== "undefined" && module.exports) {
              module.exports = { parseCodexLog, formatBashCommand, truncateString };
            }
            main();
      - name: Upload agent logs
        if: always()
        uses: actions/upload-artifact@v4
        with:
          name: main-workflow-without-engine.log
          path: /tmp/main-workflow-without-engine.log
          if-no-files-found: warn

